Microsoft Visual Studio Solution File, Format Version 12.00
# Visual Studio Version 17
VisualStudioVersion = 17.5.2.0
MinimumVisualStudioVersion = 10.0.40219.1
Project("{FAE04EC0-301F-11D3-BF4B-00C04F79EFBC}") = "SMRT_QC_Web", "SMRT_QC_Web.csproj", "{BBB7BD9A-5AF0-66A2-E24F-75F7D0228DF1}"
EndProject
Global
	GlobalSection(SolutionConfigurationPlatforms) = preSolution
		Debug|Any CPU = Debug|Any CPU
		Release|Any CPU = Release|Any CPU
	EndGlobalSection
	GlobalSection(ProjectConfigurationPlatforms) = postSolution
		{BBB7BD9A-5AF0-66A2-E24F-75F7D0228DF1}.Debug|Any CPU.ActiveCfg = Debug|Any CPU
		{BBB7BD9A-5AF0-66A2-E24F-75F7D0228DF1}.Debug|Any CPU.Build.0 = Debug|Any CPU
		{BBB7BD9A-5AF0-66A2-E24F-75F7D0228DF1}.Release|Any CPU.ActiveCfg = Release|Any CPU
		{BBB7BD9A-5AF0-66A2-E24F-75F7D0228DF1}.Release|Any CPU.Build.0 = Release|Any CPU
	EndGlobalSection
	GlobalSection(SolutionProperties) = preSolution
		HideSolutionNode = FALSE
	EndGlobalSection
	GlobalSection(ExtensibilityGlobals) = postSolution
		SolutionGuid = {23C23C24-02FF-4B09-87F2-0F9D6331A739}
	EndGlobalSection
EndGlobal
